
Microsoft Visual Studio Solution File, Format Version 12.00
# Visual Studio 2013
VisualStudioVersion = 12.0.21005.1
MinimumVisualStudioVersion = 10.0.40219.1
Project("{FAE04EC0-301F-11D3-BF4B-00C04F79EFBC}") = "UIDemo", "UIDemo\UIDemo.csproj", "{7DB2B36A-5963-4198-9EF2-69267AA27559}"
EndProject
Project("{FAE04EC0-301F-11D3-BF4B-00C04F79EFBC}") = "GPS", "GPS\GPS.csproj", "{C3D40C05-F9E1-41FE-9785-CE7DFDA1DB24}"
EndProject
Project("{FAE04EC0-301F-11D3-BF4B-00C04F79EFBC}") = "Camera", "Camera\Camera.csproj", "{571F3FF1-9D2D-4EB7-80D6-403924E89EE9}"
EndProject
Global
	GlobalSection(SolutionConfigurationPlatforms) = preSolution
		Debug|Any CPU = Debug|Any CPU
		Release|Any CPU = Release|Any CPU
	EndGlobalSection
	GlobalSection(ProjectConfigurationPlatforms) = postSolution
		{7DB2B36A-5963-4198-9EF2-69267AA27559}.Debug|Any CPU.ActiveCfg = Debug|Any CPU
		{7DB2B36A-5963-4198-9EF2-69267AA27559}.Debug|Any CPU.Build.0 = Debug|Any CPU
		{7DB2B36A-5963-4198-9EF2-69267AA27559}.Release|Any CPU.ActiveCfg = Release|Any CPU
		{7DB2B36A-5963-4198-9EF2-69267AA27559}.Release|Any CPU.Build.0 = Release|Any CPU
		{C3D40C05-F9E1-41FE-9785-CE7DFDA1DB24}.Debug|Any CPU.ActiveCfg = Debug|Any CPU
		{C3D40C05-F9E1-41FE-9785-CE7DFDA1DB24}.Debug|Any CPU.Build.0 = Debug|Any CPU
		{C3D40C05-F9E1-41FE-9785-CE7DFDA1DB24}.Release|Any CPU.ActiveCfg = Release|Any CPU
		{C3D40C05-F9E1-41FE-9785-CE7DFDA1DB24}.Release|Any CPU.Build.0 = Release|Any CPU
		{571F3FF1-9D2D-4EB7-80D6-403924E89EE9}.Debug|Any CPU.ActiveCfg = Debug|Any CPU
		{571F3FF1-9D2D-4EB7-80D6-403924E89EE9}.Debug|Any CPU.Build.0 = Debug|Any CPU
		{571F3FF1-9D2D-4EB7-80D6-403924E89EE9}.Release|Any CPU.ActiveCfg = Release|Any CPU
		{571F3FF1-9D2D-4EB7-80D6-403924E89EE9}.Release|Any CPU.Build.0 = Release|Any CPU
	EndGlobalSection
	GlobalSection(SolutionProperties) = preSolution
		HideSolutionNode = FALSE
	EndGlobalSection
EndGlobal
