
Microsoft Visual Studio Solution File, Format Version 12.00
# Visual Studio 2013
VisualStudioVersion = 12.0.21005.1
MinimumVisualStudioVersion = 10.0.40219.1
Project("{FAE04EC0-301F-11D3-BF4B-00C04F79EFBC}") = "UIDemo", "UIDemo\UIDemo.csproj", "{7DB2B36A-5963-4198-9EF2-69267AA27559}"
EndProject
Project("{FAE04EC0-301F-11D3-BF4B-00C04F79EFBC}") = "GPS", "GPS\GPS.csproj", "{C3D40C05-F9E1-41FE-9785-CE7DFDA1DB24}"
EndProject
Project("{FAE04EC0-301F-11D3-BF4B-00C04F79EFBC}") = "Camera", "Camera\Camera.csproj", "{571F3FF1-9D2D-4EB7-80D6-403924E89EE9}"
EndProject
Project("{FAE04EC0-301F-11D3-BF4B-00C04F79EFBC}") = "Database", "Database\Database.csproj", "{846D118C-6AA8-460F-AFCE-8D48097A2D58}"
EndProject
Project("{FAE04EC0-301F-11D3-BF4B-00C04F79EFBC}") = "ImageProc", "ImageProc\ImageProc.csproj", "{CA56DE2B-15D9-4A8B-94F9-0E0D05CA7683}"
EndProject
Project("{FAE04EC0-301F-11D3-BF4B-00C04F79EFBC}") = "SystemUI", "SystemUI\SystemUI.csproj", "{7F32524D-4E1F-4599-8EE6-2DFA1CF308CB}"
EndProject
Project("{FAE04EC0-301F-11D3-BF4B-00C04F79EFBC}") = "UIElements", "UIElements\UIElements.csproj", "{0F79DD57-4F76-47DA-A229-69D3191E9486}"
EndProject
Project("{FAE04EC0-301F-11D3-BF4B-00C04F79EFBC}") = "CenterManage", "CenterManage\CenterManage.csproj", "{47F89A84-95C4-4C8E-83B5-43F3A042904A}"
EndProject
Global
	GlobalSection(SolutionConfigurationPlatforms) = preSolution
		Debug|Any CPU = Debug|Any CPU
		Debug|Mixed Platforms = Debug|Mixed Platforms
		Debug|x86 = Debug|x86
		Release|Any CPU = Release|Any CPU
		Release|Mixed Platforms = Release|Mixed Platforms
		Release|x86 = Release|x86
	EndGlobalSection
	GlobalSection(ProjectConfigurationPlatforms) = postSolution
		{7DB2B36A-5963-4198-9EF2-69267AA27559}.Debug|Any CPU.ActiveCfg = Debug|Any CPU
		{7DB2B36A-5963-4198-9EF2-69267AA27559}.Debug|Any CPU.Build.0 = Debug|Any CPU
		{7DB2B36A-5963-4198-9EF2-69267AA27559}.Debug|Mixed Platforms.ActiveCfg = Debug|Any CPU
		{7DB2B36A-5963-4198-9EF2-69267AA27559}.Debug|Mixed Platforms.Build.0 = Debug|Any CPU
		{7DB2B36A-5963-4198-9EF2-69267AA27559}.Debug|x86.ActiveCfg = Debug|Any CPU
		{7DB2B36A-5963-4198-9EF2-69267AA27559}.Release|Any CPU.ActiveCfg = Release|Any CPU
		{7DB2B36A-5963-4198-9EF2-69267AA27559}.Release|Any CPU.Build.0 = Release|Any CPU
		{7DB2B36A-5963-4198-9EF2-69267AA27559}.Release|Mixed Platforms.ActiveCfg = Release|Any CPU
		{7DB2B36A-5963-4198-9EF2-69267AA27559}.Release|Mixed Platforms.Build.0 = Release|Any CPU
		{7DB2B36A-5963-4198-9EF2-69267AA27559}.Release|x86.ActiveCfg = Release|Any CPU
		{C3D40C05-F9E1-41FE-9785-CE7DFDA1DB24}.Debug|Any CPU.ActiveCfg = Debug|Any CPU
		{C3D40C05-F9E1-41FE-9785-CE7DFDA1DB24}.Debug|Any CPU.Build.0 = Debug|Any CPU
		{C3D40C05-F9E1-41FE-9785-CE7DFDA1DB24}.Debug|Mixed Platforms.ActiveCfg = Debug|Any CPU
		{C3D40C05-F9E1-41FE-9785-CE7DFDA1DB24}.Debug|Mixed Platforms.Build.0 = Debug|Any CPU
		{C3D40C05-F9E1-41FE-9785-CE7DFDA1DB24}.Debug|x86.ActiveCfg = Debug|Any CPU
		{C3D40C05-F9E1-41FE-9785-CE7DFDA1DB24}.Release|Any CPU.ActiveCfg = Release|Any CPU
		{C3D40C05-F9E1-41FE-9785-CE7DFDA1DB24}.Release|Any CPU.Build.0 = Release|Any CPU
		{C3D40C05-F9E1-41FE-9785-CE7DFDA1DB24}.Release|Mixed Platforms.ActiveCfg = Release|Any CPU
		{C3D40C05-F9E1-41FE-9785-CE7DFDA1DB24}.Release|Mixed Platforms.Build.0 = Release|Any CPU
		{C3D40C05-F9E1-41FE-9785-CE7DFDA1DB24}.Release|x86.ActiveCfg = Release|Any CPU
		{571F3FF1-9D2D-4EB7-80D6-403924E89EE9}.Debug|Any CPU.ActiveCfg = Debug|Any CPU
		{571F3FF1-9D2D-4EB7-80D6-403924E89EE9}.Debug|Any CPU.Build.0 = Debug|Any CPU
		{571F3FF1-9D2D-4EB7-80D6-403924E89EE9}.Debug|Mixed Platforms.ActiveCfg = Debug|Any CPU
		{571F3FF1-9D2D-4EB7-80D6-403924E89EE9}.Debug|Mixed Platforms.Build.0 = Debug|Any CPU
		{571F3FF1-9D2D-4EB7-80D6-403924E89EE9}.Debug|x86.ActiveCfg = Debug|Any CPU
		{571F3FF1-9D2D-4EB7-80D6-403924E89EE9}.Release|Any CPU.ActiveCfg = Release|Any CPU
		{571F3FF1-9D2D-4EB7-80D6-403924E89EE9}.Release|Any CPU.Build.0 = Release|Any CPU
		{571F3FF1-9D2D-4EB7-80D6-403924E89EE9}.Release|Mixed Platforms.ActiveCfg = Release|Any CPU
		{571F3FF1-9D2D-4EB7-80D6-403924E89EE9}.Release|Mixed Platforms.Build.0 = Release|Any CPU
		{571F3FF1-9D2D-4EB7-80D6-403924E89EE9}.Release|x86.ActiveCfg = Release|Any CPU
		{846D118C-6AA8-460F-AFCE-8D48097A2D58}.Debug|Any CPU.ActiveCfg = Debug|Any CPU
		{846D118C-6AA8-460F-AFCE-8D48097A2D58}.Debug|Any CPU.Build.0 = Debug|Any CPU
		{846D118C-6AA8-460F-AFCE-8D48097A2D58}.Debug|Mixed Platforms.ActiveCfg = Debug|Any CPU
		{846D118C-6AA8-460F-AFCE-8D48097A2D58}.Debug|Mixed Platforms.Build.0 = Debug|Any CPU
		{846D118C-6AA8-460F-AFCE-8D48097A2D58}.Debug|x86.ActiveCfg = Debug|Any CPU
		{846D118C-6AA8-460F-AFCE-8D48097A2D58}.Release|Any CPU.ActiveCfg = Release|Any CPU
		{846D118C-6AA8-460F-AFCE-8D48097A2D58}.Release|Any CPU.Build.0 = Release|Any CPU
		{846D118C-6AA8-460F-AFCE-8D48097A2D58}.Release|Mixed Platforms.ActiveCfg = Release|Any CPU
		{846D118C-6AA8-460F-AFCE-8D48097A2D58}.Release|Mixed Platforms.Build.0 = Release|Any CPU
		{846D118C-6AA8-460F-AFCE-8D48097A2D58}.Release|x86.ActiveCfg = Release|Any CPU
		{CA56DE2B-15D9-4A8B-94F9-0E0D05CA7683}.Debug|Any CPU.ActiveCfg = Debug|Any CPU
		{CA56DE2B-15D9-4A8B-94F9-0E0D05CA7683}.Debug|Any CPU.Build.0 = Debug|Any CPU
		{CA56DE2B-15D9-4A8B-94F9-0E0D05CA7683}.Debug|Mixed Platforms.ActiveCfg = Debug|Any CPU
		{CA56DE2B-15D9-4A8B-94F9-0E0D05CA7683}.Debug|Mixed Platforms.Build.0 = Debug|Any CPU
		{CA56DE2B-15D9-4A8B-94F9-0E0D05CA7683}.Debug|x86.ActiveCfg = Debug|Any CPU
		{CA56DE2B-15D9-4A8B-94F9-0E0D05CA7683}.Release|Any CPU.ActiveCfg = Release|Any CPU
		{CA56DE2B-15D9-4A8B-94F9-0E0D05CA7683}.Release|Any CPU.Build.0 = Release|Any CPU
		{CA56DE2B-15D9-4A8B-94F9-0E0D05CA7683}.Release|Mixed Platforms.ActiveCfg = Release|Any CPU
		{CA56DE2B-15D9-4A8B-94F9-0E0D05CA7683}.Release|Mixed Platforms.Build.0 = Release|Any CPU
		{CA56DE2B-15D9-4A8B-94F9-0E0D05CA7683}.Release|x86.ActiveCfg = Release|Any CPU
		{7F32524D-4E1F-4599-8EE6-2DFA1CF308CB}.Debug|Any CPU.ActiveCfg = Debug|x86
		{7F32524D-4E1F-4599-8EE6-2DFA1CF308CB}.Debug|Mixed Platforms.ActiveCfg = Debug|x86
		{7F32524D-4E1F-4599-8EE6-2DFA1CF308CB}.Debug|Mixed Platforms.Build.0 = Debug|x86
		{7F32524D-4E1F-4599-8EE6-2DFA1CF308CB}.Debug|x86.ActiveCfg = Debug|x86
		{7F32524D-4E1F-4599-8EE6-2DFA1CF308CB}.Debug|x86.Build.0 = Debug|x86
		{7F32524D-4E1F-4599-8EE6-2DFA1CF308CB}.Release|Any CPU.ActiveCfg = Release|x86
		{7F32524D-4E1F-4599-8EE6-2DFA1CF308CB}.Release|Mixed Platforms.ActiveCfg = Release|x86
		{7F32524D-4E1F-4599-8EE6-2DFA1CF308CB}.Release|Mixed Platforms.Build.0 = Release|x86
		{7F32524D-4E1F-4599-8EE6-2DFA1CF308CB}.Release|x86.ActiveCfg = Release|x86
		{7F32524D-4E1F-4599-8EE6-2DFA1CF308CB}.Release|x86.Build.0 = Release|x86
		{0F79DD57-4F76-47DA-A229-69D3191E9486}.Debug|Any CPU.ActiveCfg = Debug|Any CPU
		{0F79DD57-4F76-47DA-A229-69D3191E9486}.Debug|Any CPU.Build.0 = Debug|Any CPU
		{0F79DD57-4F76-47DA-A229-69D3191E9486}.Debug|Mixed Platforms.ActiveCfg = Debug|Any CPU
		{0F79DD57-4F76-47DA-A229-69D3191E9486}.Debug|Mixed Platforms.Build.0 = Debug|Any CPU
		{0F79DD57-4F76-47DA-A229-69D3191E9486}.Debug|x86.ActiveCfg = Debug|Any CPU
		{0F79DD57-4F76-47DA-A229-69D3191E9486}.Release|Any CPU.ActiveCfg = Release|Any CPU
		{0F79DD57-4F76-47DA-A229-69D3191E9486}.Release|Any CPU.Build.0 = Release|Any CPU
		{0F79DD57-4F76-47DA-A229-69D3191E9486}.Release|Mixed Platforms.ActiveCfg = Release|Any CPU
		{0F79DD57-4F76-47DA-A229-69D3191E9486}.Release|Mixed Platforms.Build.0 = Release|Any CPU
		{0F79DD57-4F76-47DA-A229-69D3191E9486}.Release|x86.ActiveCfg = Release|Any CPU
		{47F89A84-95C4-4C8E-83B5-43F3A042904A}.Debug|Any CPU.ActiveCfg = Debug|Any CPU
		{47F89A84-95C4-4C8E-83B5-43F3A042904A}.Debug|Any CPU.Build.0 = Debug|Any CPU
		{47F89A84-95C4-4C8E-83B5-43F3A042904A}.Debug|Mixed Platforms.ActiveCfg = Debug|Any CPU
		{47F89A84-95C4-4C8E-83B5-43F3A042904A}.Debug|Mixed Platforms.Build.0 = Debug|Any CPU
		{47F89A84-95C4-4C8E-83B5-43F3A042904A}.Debug|x86.ActiveCfg = Debug|Any CPU
		{47F89A84-95C4-4C8E-83B5-43F3A042904A}.Release|Any CPU.ActiveCfg = Release|Any CPU
		{47F89A84-95C4-4C8E-83B5-43F3A042904A}.Release|Any CPU.Build.0 = Release|Any CPU
		{47F89A84-95C4-4C8E-83B5-43F3A042904A}.Release|Mixed Platforms.ActiveCfg = Release|Any CPU
		{47F89A84-95C4-4C8E-83B5-43F3A042904A}.Release|Mixed Platforms.Build.0 = Release|Any CPU
		{47F89A84-95C4-4C8E-83B5-43F3A042904A}.Release|x86.ActiveCfg = Release|Any CPU
	EndGlobalSection
	GlobalSection(SolutionProperties) = preSolution
		HideSolutionNode = FALSE
	EndGlobalSection
EndGlobal
